
Microsoft Visual Studio Solution File, Format Version 12.00
# Visual Studio 15
VisualStudioVersion = 15.0.27703.2000
MinimumVisualStudioVersion = 10.0.40219.1
Project("{FAE04EC0-301F-11D3-BF4B-00C04F79EFBC}") = "glTFLib", "src\glTFLib.csproj", "{2F95241E-6138-408F-B2C9-83CC78A8D7F5}"
EndProject
Project("{FAE04EC0-301F-11D3-BF4B-00C04F79EFBC}") = "glTFLibExample", "glTFLibExample\glTFLibExample.csproj", "{3965D3CD-62B3-41E8-A48D-D18841E3872A}"
EndProject
Project("{FAE04EC0-301F-11D3-BF4B-00C04F79EFBC}") = "glTFLibGen", "glTFLibGen\glTFLibGen.csproj", "{940DED8E-05FD-45AC-B6FA-213DD31165CE}"
EndProject
Project("{2150E333-8FDC-42A3-9474-1A3956D46DE8}") = "Docs", "Docs", "{DD8BF22B-BC58-4506-BFC2-141B0DA9C5E6}"
	ProjectSection(SolutionItems) = preProject
		README.md = README.md
	EndProjectSection
EndProject
Project("{FAE04EC0-301F-11D3-BF4B-00C04F79EFBC}") = "glTFLibGen2", "glTFLibGen2\glTFLibGen2.csproj", "{70D04ECA-3C2F-43FD-BD5B-273CECD2B1C3}"
EndProject
Project("{2150E333-8FDC-42A3-9474-1A3956D46DE8}") = "glTF-CSharp-Loader", "glTF-CSharp-Loader", "{4E50DFAD-70C3-4568-8DD2-8E1990601D79}"
EndProject
Project("{9A19103F-16F7-4668-BE54-9A1E7A4F7556}") = "GeneratorLib", "glTF-CSharp-Loader\GeneratorLib\GeneratorLib.csproj", "{54B81D44-647F-4B6B-8586-291A09DD22F3}"
EndProject
Project("{9A19103F-16F7-4668-BE54-9A1E7A4F7556}") = "Generator", "glTF-CSharp-Loader\Generator\Generator.csproj", "{7F44DA01-5C55-4CF5-9DF2-980C93CCFA69}"
EndProject
Project("{9A19103F-16F7-4668-BE54-9A1E7A4F7556}") = "GeneratorUnitTests", "glTF-CSharp-Loader\GeneratorUnitTests\GeneratorUnitTests.csproj", "{3D95E14C-22BC-4C45-8CEA-4D367FFD542D}"
EndProject
Project("{9A19103F-16F7-4668-BE54-9A1E7A4F7556}") = "glTFLoader", "glTF-CSharp-Loader\glTFLoader\glTFLoader.csproj", "{0EB8EA43-3654-4334-94F5-E514EB4A0BAB}"
EndProject
Project("{9A19103F-16F7-4668-BE54-9A1E7A4F7556}") = "glTFLoaderUnitTests", "glTF-CSharp-Loader\glTFLoaderUnitTests\glTFLoaderUnitTests.csproj", "{6CACF29E-CDF5-4F2A-9740-FE28CCB2630A}"
EndProject
Global
	GlobalSection(SolutionConfigurationPlatforms) = preSolution
		Debug|Any CPU = Debug|Any CPU
		Debug|x64 = Debug|x64
		Debug|x86 = Debug|x86
		Release|Any CPU = Release|Any CPU
		Release|x64 = Release|x64
		Release|x86 = Release|x86
	EndGlobalSection
	GlobalSection(ProjectConfigurationPlatforms) = postSolution
		{2F95241E-6138-408F-B2C9-83CC78A8D7F5}.Debug|Any CPU.ActiveCfg = Debug|Any CPU
		{2F95241E-6138-408F-B2C9-83CC78A8D7F5}.Debug|Any CPU.Build.0 = Debug|Any CPU
		{2F95241E-6138-408F-B2C9-83CC78A8D7F5}.Debug|x64.ActiveCfg = Debug|Any CPU
		{2F95241E-6138-408F-B2C9-83CC78A8D7F5}.Debug|x64.Build.0 = Debug|Any CPU
		{2F95241E-6138-408F-B2C9-83CC78A8D7F5}.Debug|x86.ActiveCfg = Debug|Any CPU
		{2F95241E-6138-408F-B2C9-83CC78A8D7F5}.Debug|x86.Build.0 = Debug|Any CPU
		{2F95241E-6138-408F-B2C9-83CC78A8D7F5}.Release|Any CPU.ActiveCfg = Release|Any CPU
		{2F95241E-6138-408F-B2C9-83CC78A8D7F5}.Release|Any CPU.Build.0 = Release|Any CPU
		{2F95241E-6138-408F-B2C9-83CC78A8D7F5}.Release|x64.ActiveCfg = Release|Any CPU
		{2F95241E-6138-408F-B2C9-83CC78A8D7F5}.Release|x64.Build.0 = Release|Any CPU
		{2F95241E-6138-408F-B2C9-83CC78A8D7F5}.Release|x86.ActiveCfg = Release|Any CPU
		{2F95241E-6138-408F-B2C9-83CC78A8D7F5}.Release|x86.Build.0 = Release|Any CPU
		{3965D3CD-62B3-41E8-A48D-D18841E3872A}.Debug|Any CPU.ActiveCfg = Debug|Any CPU
		{3965D3CD-62B3-41E8-A48D-D18841E3872A}.Debug|Any CPU.Build.0 = Debug|Any CPU
		{3965D3CD-62B3-41E8-A48D-D18841E3872A}.Debug|x64.ActiveCfg = Debug|Any CPU
		{3965D3CD-62B3-41E8-A48D-D18841E3872A}.Debug|x64.Build.0 = Debug|Any CPU
		{3965D3CD-62B3-41E8-A48D-D18841E3872A}.Debug|x86.ActiveCfg = Debug|Any CPU
		{3965D3CD-62B3-41E8-A48D-D18841E3872A}.Debug|x86.Build.0 = Debug|Any CPU
		{3965D3CD-62B3-41E8-A48D-D18841E3872A}.Release|Any CPU.ActiveCfg = Release|Any CPU
		{3965D3CD-62B3-41E8-A48D-D18841E3872A}.Release|Any CPU.Build.0 = Release|Any CPU
		{3965D3CD-62B3-41E8-A48D-D18841E3872A}.Release|x64.ActiveCfg = Release|Any CPU
		{3965D3CD-62B3-41E8-A48D-D18841E3872A}.Release|x64.Build.0 = Release|Any CPU
		{3965D3CD-62B3-41E8-A48D-D18841E3872A}.Release|x86.ActiveCfg = Release|Any CPU
		{3965D3CD-62B3-41E8-A48D-D18841E3872A}.Release|x86.Build.0 = Release|Any CPU
		{940DED8E-05FD-45AC-B6FA-213DD31165CE}.Debug|Any CPU.ActiveCfg = Debug|Any CPU
		{940DED8E-05FD-45AC-B6FA-213DD31165CE}.Debug|Any CPU.Build.0 = Debug|Any CPU
		{940DED8E-05FD-45AC-B6FA-213DD31165CE}.Debug|x64.ActiveCfg = Debug|Any CPU
		{940DED8E-05FD-45AC-B6FA-213DD31165CE}.Debug|x64.Build.0 = Debug|Any CPU
		{940DED8E-05FD-45AC-B6FA-213DD31165CE}.Debug|x86.ActiveCfg = Debug|Any CPU
		{940DED8E-05FD-45AC-B6FA-213DD31165CE}.Debug|x86.Build.0 = Debug|Any CPU
		{940DED8E-05FD-45AC-B6FA-213DD31165CE}.Release|Any CPU.ActiveCfg = Release|Any CPU
		{940DED8E-05FD-45AC-B6FA-213DD31165CE}.Release|Any CPU.Build.0 = Release|Any CPU
		{940DED8E-05FD-45AC-B6FA-213DD31165CE}.Release|x64.ActiveCfg = Release|Any CPU
		{940DED8E-05FD-45AC-B6FA-213DD31165CE}.Release|x64.Build.0 = Release|Any CPU
		{940DED8E-05FD-45AC-B6FA-213DD31165CE}.Release|x86.ActiveCfg = Release|Any CPU
		{940DED8E-05FD-45AC-B6FA-213DD31165CE}.Release|x86.Build.0 = Release|Any CPU
		{70D04ECA-3C2F-43FD-BD5B-273CECD2B1C3}.Debug|Any CPU.ActiveCfg = Debug|Any CPU
		{70D04ECA-3C2F-43FD-BD5B-273CECD2B1C3}.Debug|Any CPU.Build.0 = Debug|Any CPU
		{70D04ECA-3C2F-43FD-BD5B-273CECD2B1C3}.Debug|x64.ActiveCfg = Debug|Any CPU
		{70D04ECA-3C2F-43FD-BD5B-273CECD2B1C3}.Debug|x64.Build.0 = Debug|Any CPU
		{70D04ECA-3C2F-43FD-BD5B-273CECD2B1C3}.Debug|x86.ActiveCfg = Debug|Any CPU
		{70D04ECA-3C2F-43FD-BD5B-273CECD2B1C3}.Debug|x86.Build.0 = Debug|Any CPU
		{70D04ECA-3C2F-43FD-BD5B-273CECD2B1C3}.Release|Any CPU.ActiveCfg = Release|Any CPU
		{70D04ECA-3C2F-43FD-BD5B-273CECD2B1C3}.Release|Any CPU.Build.0 = Release|Any CPU
		{70D04ECA-3C2F-43FD-BD5B-273CECD2B1C3}.Release|x64.ActiveCfg = Release|Any CPU
		{70D04ECA-3C2F-43FD-BD5B-273CECD2B1C3}.Release|x64.Build.0 = Release|Any CPU
		{70D04ECA-3C2F-43FD-BD5B-273CECD2B1C3}.Release|x86.ActiveCfg = Release|Any CPU
		{70D04ECA-3C2F-43FD-BD5B-273CECD2B1C3}.Release|x86.Build.0 = Release|Any CPU
		{54B81D44-647F-4B6B-8586-291A09DD22F3}.Debug|Any CPU.ActiveCfg = Debug|Any CPU
		{54B81D44-647F-4B6B-8586-291A09DD22F3}.Debug|Any CPU.Build.0 = Debug|Any CPU
		{54B81D44-647F-4B6B-8586-291A09DD22F3}.Debug|x64.ActiveCfg = Debug|Any CPU
		{54B81D44-647F-4B6B-8586-291A09DD22F3}.Debug|x64.Build.0 = Debug|Any CPU
		{54B81D44-647F-4B6B-8586-291A09DD22F3}.Debug|x86.ActiveCfg = Debug|Any CPU
		{54B81D44-647F-4B6B-8586-291A09DD22F3}.Debug|x86.Build.0 = Debug|Any CPU
		{54B81D44-647F-4B6B-8586-291A09DD22F3}.Release|Any CPU.ActiveCfg = Release|Any CPU
		{54B81D44-647F-4B6B-8586-291A09DD22F3}.Release|Any CPU.Build.0 = Release|Any CPU
		{54B81D44-647F-4B6B-8586-291A09DD22F3}.Release|x64.ActiveCfg = Release|Any CPU
		{54B81D44-647F-4B6B-8586-291A09DD22F3}.Release|x64.Build.0 = Release|Any CPU
		{54B81D44-647F-4B6B-8586-291A09DD22F3}.Release|x86.ActiveCfg = Release|Any CPU
		{54B81D44-647F-4B6B-8586-291A09DD22F3}.Release|x86.Build.0 = Release|Any CPU
		{7F44DA01-5C55-4CF5-9DF2-980C93CCFA69}.Debug|Any CPU.ActiveCfg = Debug|Any CPU
		{7F44DA01-5C55-4CF5-9DF2-980C93CCFA69}.Debug|Any CPU.Build.0 = Debug|Any CPU
		{7F44DA01-5C55-4CF5-9DF2-980C93CCFA69}.Debug|x64.ActiveCfg = Debug|Any CPU
		{7F44DA01-5C55-4CF5-9DF2-980C93CCFA69}.Debug|x64.Build.0 = Debug|Any CPU
		{7F44DA01-5C55-4CF5-9DF2-980C93CCFA69}.Debug|x86.ActiveCfg = Debug|Any CPU
		{7F44DA01-5C55-4CF5-9DF2-980C93CCFA69}.Debug|x86.Build.0 = Debug|Any CPU
		{7F44DA01-5C55-4CF5-9DF2-980C93CCFA69}.Release|Any CPU.ActiveCfg = Release|Any CPU
		{7F44DA01-5C55-4CF5-9DF2-980C93CCFA69}.Release|Any CPU.Build.0 = Release|Any CPU
		{7F44DA01-5C55-4CF5-9DF2-980C93CCFA69}.Release|x64.ActiveCfg = Release|Any CPU
		{7F44DA01-5C55-4CF5-9DF2-980C93CCFA69}.Release|x64.Build.0 = Release|Any CPU
		{7F44DA01-5C55-4CF5-9DF2-980C93CCFA69}.Release|x86.ActiveCfg = Release|Any CPU
		{7F44DA01-5C55-4CF5-9DF2-980C93CCFA69}.Release|x86.Build.0 = Release|Any CPU
		{3D95E14C-22BC-4C45-8CEA-4D367FFD542D}.Debug|Any CPU.ActiveCfg = Debug|Any CPU
		{3D95E14C-22BC-4C45-8CEA-4D367FFD542D}.Debug|Any CPU.Build.0 = Debug|Any CPU
		{3D95E14C-22BC-4C45-8CEA-4D367FFD542D}.Debug|x64.ActiveCfg = Debug|x64
		{3D95E14C-22BC-4C45-8CEA-4D367FFD542D}.Debug|x64.Build.0 = Debug|x64
		{3D95E14C-22BC-4C45-8CEA-4D367FFD542D}.Debug|x86.ActiveCfg = Debug|x86
		{3D95E14C-22BC-4C45-8CEA-4D367FFD542D}.Debug|x86.Build.0 = Debug|x86
		{3D95E14C-22BC-4C45-8CEA-4D367FFD542D}.Release|Any CPU.ActiveCfg = Release|Any CPU
		{3D95E14C-22BC-4C45-8CEA-4D367FFD542D}.Release|Any CPU.Build.0 = Release|Any CPU
		{3D95E14C-22BC-4C45-8CEA-4D367FFD542D}.Release|x64.ActiveCfg = Release|x64
		{3D95E14C-22BC-4C45-8CEA-4D367FFD542D}.Release|x64.Build.0 = Release|x64
		{3D95E14C-22BC-4C45-8CEA-4D367FFD542D}.Release|x86.ActiveCfg = Release|x86
		{3D95E14C-22BC-4C45-8CEA-4D367FFD542D}.Release|x86.Build.0 = Release|x86
		{0EB8EA43-3654-4334-94F5-E514EB4A0BAB}.Debug|Any CPU.ActiveCfg = Debug|Any CPU
		{0EB8EA43-3654-4334-94F5-E514EB4A0BAB}.Debug|Any CPU.Build.0 = Debug|Any CPU
		{0EB8EA43-3654-4334-94F5-E514EB4A0BAB}.Debug|x64.ActiveCfg = Debug|Any CPU
		{0EB8EA43-3654-4334-94F5-E514EB4A0BAB}.Debug|x64.Build.0 = Debug|Any CPU
		{0EB8EA43-3654-4334-94F5-E514EB4A0BAB}.Debug|x86.ActiveCfg = Debug|Any CPU
		{0EB8EA43-3654-4334-94F5-E514EB4A0BAB}.Debug|x86.Build.0 = Debug|Any CPU
		{0EB8EA43-3654-4334-94F5-E514EB4A0BAB}.Release|Any CPU.ActiveCfg = Release|Any CPU
		{0EB8EA43-3654-4334-94F5-E514EB4A0BAB}.Release|Any CPU.Build.0 = Release|Any CPU
		{0EB8EA43-3654-4334-94F5-E514EB4A0BAB}.Release|x64.ActiveCfg = Release|Any CPU
		{0EB8EA43-3654-4334-94F5-E514EB4A0BAB}.Release|x64.Build.0 = Release|Any CPU
		{0EB8EA43-3654-4334-94F5-E514EB4A0BAB}.Release|x86.ActiveCfg = Release|Any CPU
		{0EB8EA43-3654-4334-94F5-E514EB4A0BAB}.Release|x86.Build.0 = Release|Any CPU
		{6CACF29E-CDF5-4F2A-9740-FE28CCB2630A}.Debug|Any CPU.ActiveCfg = Debug|Any CPU
		{6CACF29E-CDF5-4F2A-9740-FE28CCB2630A}.Debug|Any CPU.Build.0 = Debug|Any CPU
		{6CACF29E-CDF5-4F2A-9740-FE28CCB2630A}.Debug|x64.ActiveCfg = Debug|x64
		{6CACF29E-CDF5-4F2A-9740-FE28CCB2630A}.Debug|x64.Build.0 = Debug|x64
		{6CACF29E-CDF5-4F2A-9740-FE28CCB2630A}.Debug|x86.ActiveCfg = Debug|x86
		{6CACF29E-CDF5-4F2A-9740-FE28CCB2630A}.Debug|x86.Build.0 = Debug|x86
		{6CACF29E-CDF5-4F2A-9740-FE28CCB2630A}.Release|Any CPU.ActiveCfg = Release|Any CPU
		{6CACF29E-CDF5-4F2A-9740-FE28CCB2630A}.Release|Any CPU.Build.0 = Release|Any CPU
		{6CACF29E-CDF5-4F2A-9740-FE28CCB2630A}.Release|x64.ActiveCfg = Release|x64
		{6CACF29E-CDF5-4F2A-9740-FE28CCB2630A}.Release|x64.Build.0 = Release|x64
		{6CACF29E-CDF5-4F2A-9740-FE28CCB2630A}.Release|x86.ActiveCfg = Release|x86
		{6CACF29E-CDF5-4F2A-9740-FE28CCB2630A}.Release|x86.Build.0 = Release|x86
	EndGlobalSection
	GlobalSection(SolutionProperties) = preSolution
		HideSolutionNode = FALSE
	EndGlobalSection
	GlobalSection(NestedProjects) = preSolution
		{54B81D44-647F-4B6B-8586-291A09DD22F3} = {4E50DFAD-70C3-4568-8DD2-8E1990601D79}
		{7F44DA01-5C55-4CF5-9DF2-980C93CCFA69} = {4E50DFAD-70C3-4568-8DD2-8E1990601D79}
		{3D95E14C-22BC-4C45-8CEA-4D367FFD542D} = {4E50DFAD-70C3-4568-8DD2-8E1990601D79}
		{0EB8EA43-3654-4334-94F5-E514EB4A0BAB} = {4E50DFAD-70C3-4568-8DD2-8E1990601D79}
		{6CACF29E-CDF5-4F2A-9740-FE28CCB2630A} = {4E50DFAD-70C3-4568-8DD2-8E1990601D79}
	EndGlobalSection
	GlobalSection(ExtensibilityGlobals) = postSolution
		SolutionGuid = {986B40B2-99B1-44AF-BD59-DB06DFB94744}
	EndGlobalSection
EndGlobal
